
Microsoft Visual Studio Solution File, Format Version 12.00
# Visual Studio Version 16
VisualStudioVersion = 16.0.29201.188
MinimumVisualStudioVersion = 10.0.40219.1
Project("{9A19103F-16F7-4668-BE54-9A1E7A4F7556}") = "SDCWebApp", "SDCWebApp\SDCWebApp.csproj", "{CC148057-A915-4D6D-A682-368A5C606E7C}"
EndProject
Project("{2150E333-8FDC-42A3-9474-1A3956D46DE8}") = "Tests", "Tests", "{C40EB8D4-242B-411D-81AE-F57623D66CCA}"
EndProject
Project("{FAE04EC0-301F-11D3-BF4B-00C04F79EFBC}") = "UnitTests", "UnitTests\UnitTests.csproj", "{017E8F91-0856-4C66-BB5E-FB2B2FFDDE4A}"
EndProject
Global
	GlobalSection(SolutionConfigurationPlatforms) = preSolution
		Debug|Any CPU = Debug|Any CPU
		Release|Any CPU = Release|Any CPU
	EndGlobalSection
	GlobalSection(ProjectConfigurationPlatforms) = postSolution
		{CC148057-A915-4D6D-A682-368A5C606E7C}.Debug|Any CPU.ActiveCfg = Debug|Any CPU
		{CC148057-A915-4D6D-A682-368A5C606E7C}.Debug|Any CPU.Build.0 = Debug|Any CPU
		{CC148057-A915-4D6D-A682-368A5C606E7C}.Release|Any CPU.ActiveCfg = Release|Any CPU
		{CC148057-A915-4D6D-A682-368A5C606E7C}.Release|Any CPU.Build.0 = Release|Any CPU
		{017E8F91-0856-4C66-BB5E-FB2B2FFDDE4A}.Debug|Any CPU.ActiveCfg = Debug|Any CPU
		{017E8F91-0856-4C66-BB5E-FB2B2FFDDE4A}.Debug|Any CPU.Build.0 = Debug|Any CPU
		{017E8F91-0856-4C66-BB5E-FB2B2FFDDE4A}.Release|Any CPU.ActiveCfg = Release|Any CPU
		{017E8F91-0856-4C66-BB5E-FB2B2FFDDE4A}.Release|Any CPU.Build.0 = Release|Any CPU
	EndGlobalSection
	GlobalSection(SolutionProperties) = preSolution
		HideSolutionNode = FALSE
	EndGlobalSection
	GlobalSection(NestedProjects) = preSolution
		{017E8F91-0856-4C66-BB5E-FB2B2FFDDE4A} = {C40EB8D4-242B-411D-81AE-F57623D66CCA}
	EndGlobalSection
	GlobalSection(ExtensibilityGlobals) = postSolution
		SolutionGuid = {C3F748C8-C9EA-4957-92E9-67C60B5E7F6F}
	EndGlobalSection
EndGlobal
